
Microsoft Visual Studio Solution File, Format Version 12.00
# Visual Studio Version 16
VisualStudioVersion = 16.0.34601.136
MinimumVisualStudioVersion = 10.0.40219.1
Project("{8BC9CEB8-8B4A-11D0-8D11-00A0C91BC942}") = "Week3", "Week3.vcxproj", "{9E773E80-17AE-405E-9361-86C9E513B66F}"
EndProject
Global
	GlobalSection(SolutionConfigurationPlatforms) = preSolution
		Debug|x64 = Debug|x64
		Debug|x86 = Debug|x86
		Release|x64 = Release|x64
		Release|x86 = Release|x86
	EndGlobalSection
	GlobalSection(ProjectConfigurationPlatforms) = postSolution
		{9E773E80-17AE-405E-9361-86C9E513B66F}.Debug|x64.ActiveCfg = Debug|x64
		{9E773E80-17AE-405E-9361-86C9E513B66F}.Debug|x64.Build.0 = Debug|x64
		{9E773E80-17AE-405E-9361-86C9E513B66F}.Debug|x86.ActiveCfg = Debug|Win32
		{9E773E80-17AE-405E-9361-86C9E513B66F}.Debug|x86.Build.0 = Debug|Win32
		{9E773E80-17AE-405E-9361-86C9E513B66F}.Release|x64.ActiveCfg = Release|x64
		{9E773E80-17AE-405E-9361-86C9E513B66F}.Release|x64.Build.0 = Release|x64
		{9E773E80-17AE-405E-9361-86C9E513B66F}.Release|x86.ActiveCfg = Release|Win32
		{9E773E80-17AE-405E-9361-86C9E513B66F}.Release|x86.Build.0 = Release|Win32
	EndGlobalSection
	GlobalSection(SolutionProperties) = preSolution
		HideSolutionNode = FALSE
	EndGlobalSection
	GlobalSection(ExtensibilityGlobals) = postSolution
		SolutionGuid = {EA85CE35-31A0-4E4D-B5F4-FAC882741CAA}
	EndGlobalSection
EndGlobal
